// !$*UTF8*$!
{
	archiveVersion = 1;
	classes = {
	};
	objectVersion = 50;
	objects = {

/* Begin PBXBuildFile section */
		59A56BFA2582607400DF4058 /* Task+CoreDataClass.swift in Sources */ = {isa = PBXBuildFile; fileRef = 59A56BF82582607400DF4058 /* Task+CoreDataClass.swift */; };
		59A56BFB2582607400DF4058 /* Task+CoreDataProperties.swift in Sources */ = {isa = PBXBuildFile; fileRef = 59A56BF92582607400DF4058 /* Task+CoreDataProperties.swift */; };
		59A56C002583D27E00DF4058 /* NewTaskViewController.swift in Sources */ = {isa = PBXBuildFile; fileRef = 59A56BFF2583D27E00DF4058 /* NewTaskViewController.swift */; };
		59CDFF352570E9F700465D9B /* AppDelegate.swift in Sources */ = {isa = PBXBuildFile; fileRef = 59CDFF342570E9F700465D9B /* AppDelegate.swift */; };
		59CDFF372570E9F700465D9B /* SceneDelegate.swift in Sources */ = {isa = PBXBuildFile; fileRef = 59CDFF362570E9F700465D9B /* SceneDelegate.swift */; };
		59CDFF392570E9F700465D9B /* ViewController.swift in Sources */ = {isa = PBXBuildFile; fileRef = 59CDFF382570E9F700465D9B /* ViewController.swift */; };
		59CDFF3C2570E9F700465D9B /* Main.storyboard in Resources */ = {isa = PBXBuildFile; fileRef = 59CDFF3A2570E9F700465D9B /* Main.storyboard */; };
		59CDFF412570E9F900465D9B /* Assets.xcassets in Resources */ = {isa = PBXBuildFile; fileRef = 59CDFF402570E9F900465D9B /* Assets.xcassets */; };
		59CDFF442570E9F900465D9B /* LaunchScreen.storyboard in Resources */ = {isa = PBXBuildFile; fileRef = 59CDFF422570E9F900465D9B /* LaunchScreen.storyboard */; };
		59F03DBB2580D5B400149290 /* ToDoList.swift in Sources */ = {isa = PBXBuildFile; fileRef = 59F03DBA2580D5B400149290 /* ToDoList.swift */; };
		59F03DE3258207C900149290 /* NewExample.xcdatamodeld in Sources */ = {isa = PBXBuildFile; fileRef = 59F03DE1258207C900149290 /* NewExample.xcdatamodeld */; };
		59F03DEC258211D400149290 /* ToDoListManager.swift in Sources */ = {isa = PBXBuildFile; fileRef = 59F03DEB258211D400149290 /* ToDoListManager.swift */; };
/* End PBXBuildFile section */

/* Begin PBXFileReference section */
		59A56BF72582605300DF4058 /* NewExample 3.xcdatamodel */ = {isa = PBXFileReference; lastKnownFileType = wrapper.xcdatamodel; path = "NewExample 3.xcdatamodel"; sourceTree = "<group>"; };
		59A56BF82582607400DF4058 /* Task+CoreDataClass.swift */ = {isa = PBXFileReference; lastKnownFileType = sourcecode.swift; path = "Task+CoreDataClass.swift"; sourceTree = "<group>"; };
		59A56BF92582607400DF4058 /* Task+CoreDataProperties.swift */ = {isa = PBXFileReference; lastKnownFileType = sourcecode.swift; path = "Task+CoreDataProperties.swift"; sourceTree = "<group>"; };
		59A56BFF2583D27E00DF4058 /* NewTaskViewController.swift */ = {isa = PBXFileReference; lastKnownFileType = sourcecode.swift; path = NewTaskViewController.swift; sourceTree = "<group>"; };
		59CDFF312570E9F700465D9B /* NewExample.app */ = {isa = PBXFileReference; explicitFileType = wrapper.application; includeInIndex = 0; path = NewExample.app; sourceTree = BUILT_PRODUCTS_DIR; };
		59CDFF342570E9F700465D9B /* AppDelegate.swift */ = {isa = PBXFileReference; lastKnownFileType = sourcecode.swift; path = AppDelegate.swift; sourceTree = "<group>"; };
		59CDFF362570E9F700465D9B /* SceneDelegate.swift */ = {isa = PBXFileReference; lastKnownFileType = sourcecode.swift; path = SceneDelegate.swift; sourceTree = "<group>"; };
		59CDFF382570E9F700465D9B /* ViewController.swift */ = {isa = PBXFileReference; lastKnownFileType = sourcecode.swift; path = ViewController.swift; sourceTree = "<group>"; };
		59CDFF3B2570E9F700465D9B /* Base */ = {isa = PBXFileReference; lastKnownFileType = file.storyboard; name = Base; path = Base.lproj/Main.storyboard; sourceTree = "<group>"; };
		59CDFF402570E9F900465D9B /* Assets.xcassets */ = {isa = PBXFileReference; lastKnownFileType = folder.assetcatalog; path = Assets.xcassets; sourceTree = "<group>"; };
		59CDFF432570E9F900465D9B /* Base */ = {isa = PBXFileReference; lastKnownFileType = file.storyboard; name = Base; path = Base.lproj/LaunchScreen.storyboard; sourceTree = "<group>"; };
		59CDFF452570E9F900465D9B /* Info.plist */ = {isa = PBXFileReference; lastKnownFileType = text.plist.xml; path = Info.plist; sourceTree = "<group>"; };
		59F03DBA2580D5B400149290 /* ToDoList.swift */ = {isa = PBXFileReference; lastKnownFileType = sourcecode.swift; path = ToDoList.swift; sourceTree = "<group>"; };
		59F03DE2258207C900149290 /* NewExample.xcdatamodel */ = {isa = PBXFileReference; lastKnownFileType = wrapper.xcdatamodel; path = NewExample.xcdatamodel; sourceTree = "<group>"; };
		59F03DEA25820AA000149290 /* NewExample 2.xcdatamodel */ = {isa = PBXFileReference; lastKnownFileType = wrapper.xcdatamodel; path = "NewExample 2.xcdatamodel"; sourceTree = "<group>"; };
		59F03DEB258211D400149290 /* ToDoListManager.swift */ = {isa = PBXFileReference; lastKnownFileType = sourcecode.swift; path = ToDoListManager.swift; sourceTree = "<group>"; };
/* End PBXFileReference section */

/* Begin PBXFrameworksBuildPhase section */
		59CDFF2E2570E9F700465D9B /* Frameworks */ = {
			isa = PBXFrameworksBuildPhase;
			buildActionMask = 2147483647;
			files = (
			);
			runOnlyForDeploymentPostprocessing = 0;
		};
/* End PBXFrameworksBuildPhase section */

/* Begin PBXGroup section */
		599DEB722580BF81001F59D8 /* View */ = {
			isa = PBXGroup;
			children = (
				59CDFF3A2570E9F700465D9B /* Main.storyboard */,
				59CDFF422570E9F900465D9B /* LaunchScreen.storyboard */,
			);
			path = View;
			sourceTree = "<group>";
		};
		599DEB742580BF8B001F59D8 /* ViewModel */ = {
			isa = PBXGroup;
			children = (
				59F03DEB258211D400149290 /* ToDoListManager.swift */,
			);
			path = ViewModel;
			sourceTree = "<group>";
		};
		599DEB752580BF91001F59D8 /* Model */ = {
			isa = PBXGroup;
			children = (
				59F03DBA2580D5B400149290 /* ToDoList.swift */,
			);
			path = Model;
			sourceTree = "<group>";
		};
		599DEB762580BF9E001F59D8 /* Controller */ = {
			isa = PBXGroup;
			children = (
				59CDFF382570E9F700465D9B /* ViewController.swift */,
				59A56BFF2583D27E00DF4058 /* NewTaskViewController.swift */,
			);
			path = Controller;
			sourceTree = "<group>";
		};
		599DEB772580C089001F59D8 /* Files */ = {
			isa = PBXGroup;
			children = (
				59CDFF342570E9F700465D9B /* AppDelegate.swift */,
				59CDFF362570E9F700465D9B /* SceneDelegate.swift */,
			);
			path = Files;
			sourceTree = "<group>";
		};
		599DEB782580C09A001F59D8 /* CoreData Model */ = {
			isa = PBXGroup;
			children = (
				59A56BF82582607400DF4058 /* Task+CoreDataClass.swift */,
				59A56BF92582607400DF4058 /* Task+CoreDataProperties.swift */,
				59F03DE1258207C900149290 /* NewExample.xcdatamodeld */,
			);
			path = "CoreData Model";
			sourceTree = "<group>";
		};
		59CDFF282570E9F700465D9B = {
			isa = PBXGroup;
			children = (
				59CDFF332570E9F700465D9B /* NewExample */,
				59CDFF322570E9F700465D9B /* Products */,
			);
			sourceTree = "<group>";
		};
		59CDFF322570E9F700465D9B /* Products */ = {
			isa = PBXGroup;
			children = (
				59CDFF312570E9F700465D9B /* NewExample.app */,
			);
			name = Products;
			sourceTree = "<group>";
		};
		59CDFF332570E9F700465D9B /* NewExample */ = {
			isa = PBXGroup;
			children = (
				599DEB782580C09A001F59D8 /* CoreData Model */,
				599DEB772580C089001F59D8 /* Files */,
				599DEB762580BF9E001F59D8 /* Controller */,
				599DEB752580BF91001F59D8 /* Model */,
				599DEB742580BF8B001F59D8 /* ViewModel */,
				599DEB722580BF81001F59D8 /* View */,
				59CDFF402570E9F900465D9B /* Assets.xcassets */,
				59CDFF452570E9F900465D9B /* Info.plist */,
			);
			path = NewExample;
			sourceTree = "<group>";
		};
/* End PBXGroup section */

/* Begin PBXNativeTarget section */
		59CDFF302570E9F700465D9B /* NewExample */ = {
			isa = PBXNativeTarget;
			buildConfigurationList = 59CDFF482570E9F900465D9B /* Build configuration list for PBXNativeTarget "NewExample" */;
			buildPhases = (
				59CDFF2D2570E9F700465D9B /* Sources */,
				59CDFF2E2570E9F700465D9B /* Frameworks */,
				59CDFF2F2570E9F700465D9B /* Resources */,
			);
			buildRules = (
			);
			dependencies = (
			);
			name = NewExample;
			productName = NewExample;
			productReference = 59CDFF312570E9F700465D9B /* NewExample.app */;
			productType = "com.apple.product-type.application";
		};
/* End PBXNativeTarget section */

/* Begin PBXProject section */
		59CDFF292570E9F700465D9B /* Project object */ = {
			isa = PBXProject;
			attributes = {
				LastSwiftUpdateCheck = 1120;
				LastUpgradeCheck = 1120;
				ORGANIZATIONNAME = "Parwate, Shardul";
				TargetAttributes = {
					59CDFF302570E9F700465D9B = {
						CreatedOnToolsVersion = 11.2.1;
					};
				};
			};
			buildConfigurationList = 59CDFF2C2570E9F700465D9B /* Build configuration list for PBXProject "NewExample" */;
			compatibilityVersion = "Xcode 9.3";
			developmentRegion = en;
			hasScannedForEncodings = 0;
			knownRegions = (
				en,
				Base,
			);
			mainGroup = 59CDFF282570E9F700465D9B;
			productRefGroup = 59CDFF322570E9F700465D9B /* Products */;
			projectDirPath = "";
			projectRoot = "";
			targets = (
				59CDFF302570E9F700465D9B /* NewExample */,
			);
		};
/* End PBXProject section */

/* Begin PBXResourcesBuildPhase section */
		59CDFF2F2570E9F700465D9B /* Resources */ = {
			isa = PBXResourcesBuildPhase;
			buildActionMask = 2147483647;
			files = (
				59CDFF442570E9F900465D9B /* LaunchScreen.storyboard in Resources */,
				59CDFF412570E9F900465D9B /* Assets.xcassets in Resources */,
				59CDFF3C2570E9F700465D9B /* Main.storyboard in Resources */,
			);
			runOnlyForDeploymentPostprocessing = 0;
		};
/* End PBXResourcesBuildPhase section */

/* Begin PBXSourcesBuildPhase section */
		59CDFF2D2570E9F700465D9B /* Sources */ = {
			isa = PBXSourcesBuildPhase;
			buildActionMask = 2147483647;
			files = (
				59F03DBB2580D5B400149290 /* ToDoList.swift in Sources */,
				59CDFF392570E9F700465D9B /* ViewController.swift in Sources */,
				59A56BFA2582607400DF4058 /* Task+CoreDataClass.swift in Sources */,
				59F03DE3258207C900149290 /* NewExample.xcdatamodeld in Sources */,
				59A56C002583D27E00DF4058 /* NewTaskViewController.swift in Sources */,
				59F03DEC258211D400149290 /* ToDoListManager.swift in Sources */,
				59CDFF352570E9F700465D9B /* AppDelegate.swift in Sources */,
				59A56BFB2582607400DF4058 /* Task+CoreDataProperties.swift in Sources */,
				59CDFF372570E9F700465D9B /* SceneDelegate.swift in Sources */,
			);
			runOnlyForDeploymentPostprocessing = 0;
		};
/* End PBXSourcesBuildPhase section */

/* Begin PBXVariantGroup section */
		59CDFF3A2570E9F700465D9B /* Main.storyboard */ = {
			isa = PBXVariantGroup;
			children = (
				59CDFF3B2570E9F700465D9B /* Base */,
			);
			name = Main.storyboard;
			sourceTree = "<group>";
		};
		59CDFF422570E9F900465D9B /* LaunchScreen.storyboard */ = {
			isa = PBXVariantGroup;
			children = (
				59CDFF432570E9F900465D9B /* Base */,
			);
			name = LaunchScreen.storyboard;
			sourceTree = "<group>";
		};
/* End PBXVariantGroup section */

/* Begin XCBuildConfiguration section */
		59CDFF462570E9F900465D9B /* Debug */ = {
			isa = XCBuildConfiguration;
			buildSettings = {
				ALWAYS_SEARCH_USER_PATHS = NO;
				CLANG_ANALYZER_NONNULL = YES;
				CLANG_ANALYZER_NUMBER_OBJECT_CONVERSION = YES_AGGRESSIVE;
				CLANG_CXX_LANGUAGE_STANDARD = "gnu++14";
				CLANG_CXX_LIBRARY = "libc++";
				CLANG_ENABLE_MODULES = YES;
				CLANG_ENABLE_OBJC_ARC = YES;
				CLANG_ENABLE_OBJC_WEAK = YES;
				CLANG_WARN_BLOCK_CAPTURE_AUTORELEASING = YES;
				CLANG_WARN_BOOL_CONVERSION = YES;
				CLANG_WARN_COMMA = YES;
				CLANG_WARN_CONSTANT_CONVERSION = YES;
				CLANG_WARN_DEPRECATED_OBJC_IMPLEMENTATIONS = YES;
				CLANG_WARN_DIRECT_OBJC_ISA_USAGE = YES_ERROR;
				CLANG_WARN_DOCUMENTATION_COMMENTS = YES;
				CLANG_WARN_EMPTY_BODY = YES;
				CLANG_WARN_ENUM_CONVERSION = YES;
				CLANG_WARN_INFINITE_RECURSION = YES;
				CLANG_WARN_INT_CONVERSION = YES;
				CLANG_WARN_NON_LITERAL_NULL_CONVERSION = YES;
				CLANG_WARN_OBJC_IMPLICIT_RETAIN_SELF = YES;
				CLANG_WARN_OBJC_LITERAL_CONVERSION = YES;
				CLANG_WARN_OBJC_ROOT_CLASS = YES_ERROR;
				CLANG_WARN_RANGE_LOOP_ANALYSIS = YES;
				CLANG_WARN_STRICT_PROTOTYPES = YES;
				CLANG_WARN_SUSPICIOUS_MOVE = YES;
				CLANG_WARN_UNGUARDED_AVAILABILITY = YES_AGGRESSIVE;
				CLANG_WARN_UNREACHABLE_CODE = YES;
				CLANG_WARN__DUPLICATE_METHOD_MATCH = YES;
				COPY_PHASE_STRIP = NO;
				DEBUG_INFORMATION_FORMAT = dwarf;
				ENABLE_STRICT_OBJC_MSGSEND = YES;
				ENABLE_TESTABILITY = YES;
				GCC_C_LANGUAGE_STANDARD = gnu11;
				GCC_DYNAMIC_NO_PIC = NO;
				GCC_NO_COMMON_BLOCKS = YES;
				GCC_OPTIMIZATION_LEVEL = 0;
				GCC_PREPROCESSOR_DEFINITIONS = (
					"DEBUG=1",
					"$(inherited)",
				);
				GCC_WARN_64_TO_32_BIT_CONVERSION = YES;
				GCC_WARN_ABOUT_RETURN_TYPE = YES_ERROR;
				GCC_WARN_UNDECLARED_SELECTOR = YES;
				GCC_WARN_UNINITIALIZED_AUTOS = YES_AGGRESSIVE;
				GCC_WARN_UNUSED_FUNCTION = YES;
				GCC_WARN_UNUSED_VARIABLE = YES;
				IPHONEOS_DEPLOYMENT_TARGET = 13.2;
				MTL_ENABLE_DEBUG_INFO = INCLUDE_SOURCE;
				MTL_FAST_MATH = YES;
				ONLY_ACTIVE_ARCH = YES;
				SDKROOT = iphoneos;
				SWIFT_ACTIVE_COMPILATION_CONDITIONS = DEBUG;
				SWIFT_OPTIMIZATION_LEVEL = "-Onone";
			};
			name = Debug;
		};
		59CDFF472570E9F900465D9B /* Release */ = {
			isa = XCBuildConfiguration;
			buildSettings = {
				ALWAYS_SEARCH_USER_PATHS = NO;
				CLANG_ANALYZER_NONNULL = YES;
				CLANG_ANALYZER_NUMBER_OBJECT_CONVERSION = YES_AGGRESSIVE;
				CLANG_CXX_LANGUAGE_STANDARD = "gnu++14";
				CLANG_CXX_LIBRARY = "libc++";
				CLANG_ENABLE_MODULES = YES;
				CLANG_ENABLE_OBJC_ARC = YES;
				CLANG_ENABLE_OBJC_WEAK = YES;
				CLANG_WARN_BLOCK_CAPTURE_AUTORELEASING = YES;
				CLANG_WARN_BOOL_CONVERSION = YES;
				CLANG_WARN_COMMA = YES;
				CLANG_WARN_CONSTANT_CONVERSION = YES;
				CLANG_WARN_DEPRECATED_OBJC_IMPLEMENTATIONS = YES;
				CLANG_WARN_DIRECT_OBJC_ISA_USAGE = YES_ERROR;
				CLANG_WARN_DOCUMENTATION_COMMENTS = YES;
				CLANG_WARN_EMPTY_BODY = YES;
				CLANG_WARN_ENUM_CONVERSION = YES;
				CLANG_WARN_INFINITE_RECURSION = YES;
				CLANG_WARN_INT_CONVERSION = YES;
				CLANG_WARN_NON_LITERAL_NULL_CONVERSION = YES;
				CLANG_WARN_OBJC_IMPLICIT_RETAIN_SELF = YES;
				CLANG_WARN_OBJC_LITERAL_CONVERSION = YES;
				CLANG_WARN_OBJC_ROOT_CLASS = YES_ERROR;
				CLANG_WARN_RANGE_LOOP_ANALYSIS = YES;
				CLANG_WARN_STRICT_PROTOTYPES = YES;
				CLANG_WARN_SUSPICIOUS_MOVE = YES;
				CLANG_WARN_UNGUARDED_AVAILABILITY = YES_AGGRESSIVE;
				CLANG_WARN_UNREACHABLE_CODE = YES;
				CLANG_WARN__DUPLICATE_METHOD_MATCH = YES;
				COPY_PHASE_STRIP = NO;
				DEBUG_INFORMATION_FORMAT = "dwarf-with-dsym";
				ENABLE_NS_ASSERTIONS = NO;
				ENABLE_STRICT_OBJC_MSGSEND = YES;
				GCC_C_LANGUAGE_STANDARD = gnu11;
				GCC_NO_COMMON_BLOCKS = YES;
				GCC_WARN_64_TO_32_BIT_CONVERSION = YES;
				GCC_WARN_ABOUT_RETURN_TYPE = YES_ERROR;
				GCC_WARN_UNDECLARED_SELECTOR = YES;
				GCC_WARN_UNINITIALIZED_AUTOS = YES_AGGRESSIVE;
				GCC_WARN_UNUSED_FUNCTION = YES;
				GCC_WARN_UNUSED_VARIABLE = YES;
				IPHONEOS_DEPLOYMENT_TARGET = 13.2;
				MTL_ENABLE_DEBUG_INFO = NO;
				MTL_FAST_MATH = YES;
				SDKROOT = iphoneos;
				SWIFT_COMPILATION_MODE = wholemodule;
				SWIFT_OPTIMIZATION_LEVEL = "-O";
				VALIDATE_PRODUCT = YES;
			};
			name = Release;
		};
		59CDFF492570E9F900465D9B /* Debug */ = {
			isa = XCBuildConfiguration;
			buildSettings = {
				ASSETCATALOG_COMPILER_APPICON_NAME = AppIcon;
				CODE_SIGN_IDENTITY = "Apple Development";
				CODE_SIGN_STYLE = Automatic;
				DEVELOPMENT_TEAM = 4VUNG53GM4;
				INFOPLIST_FILE = NewExample/Info.plist;
				LD_RUNPATH_SEARCH_PATHS = (
					"$(inherited)",
					"@executable_path/Frameworks",
				);
				PRODUCT_BUNDLE_IDENTIFIER = com.arity.shardul;
				PRODUCT_NAME = "$(TARGET_NAME)";
				PROVISIONING_PROFILE_SPECIFIER = "";
				SWIFT_VERSION = 5.0;
				TARGETED_DEVICE_FAMILY = "1,2";
			};
			name = Debug;
		};
		59CDFF4A2570E9F900465D9B /* Release */ = {
			isa = XCBuildConfiguration;
			buildSettings = {
				ASSETCATALOG_COMPILER_APPICON_NAME = AppIcon;
				CODE_SIGN_IDENTITY = "Apple Development";
				CODE_SIGN_STYLE = Automatic;
				DEVELOPMENT_TEAM = 4VUNG53GM4;
				INFOPLIST_FILE = NewExample/Info.plist;
				LD_RUNPATH_SEARCH_PATHS = (
					"$(inherited)",
					"@executable_path/Frameworks",
				);
				PRODUCT_BUNDLE_IDENTIFIER = com.arity.shardul;
				PRODUCT_NAME = "$(TARGET_NAME)";
				PROVISIONING_PROFILE_SPECIFIER = "";
				SWIFT_VERSION = 5.0;
				TARGETED_DEVICE_FAMILY = "1,2";
			};
			name = Release;
		};
/* End XCBuildConfiguration section */

/* Begin XCConfigurationList section */
		59CDFF2C2570E9F700465D9B /* Build configuration list for PBXProject "NewExample" */ = {
			isa = XCConfigurationList;
			buildConfigurations = (
				59CDFF462570E9F900465D9B /* Debug */,
				59CDFF472570E9F900465D9B /* Release */,
			);
			defaultConfigurationIsVisible = 0;
			defaultConfigurationName = Release;
		};
		59CDFF482570E9F900465D9B /* Build configuration list for PBXNativeTarget "NewExample" */ = {
			isa = XCConfigurationList;
			buildConfigurations = (
				59CDFF492570E9F900465D9B /* Debug */,
				59CDFF4A2570E9F900465D9B /* Release */,
			);
			defaultConfigurationIsVisible = 0;
			defaultConfigurationName = Release;
		};
/* End XCConfigurationList section */

/* Begin XCVersionGroup section */
		59F03DE1258207C900149290 /* NewExample.xcdatamodeld */ = {
			isa = XCVersionGroup;
			children = (
				59A56BF72582605300DF4058 /* NewExample 3.xcdatamodel */,
				59F03DEA25820AA000149290 /* NewExample 2.xcdatamodel */,
				59F03DE2258207C900149290 /* NewExample.xcdatamodel */,
			);
			currentVersion = 59A56BF72582605300DF4058 /* NewExample 3.xcdatamodel */;
			name = NewExample.xcdatamodeld;
			path = "../../../../../Desktop/NewExample/NewExample/CoreData Model/NewExample.xcdatamodeld";
			sourceTree = "<group>";
			versionGroupType = wrapper.xcdatamodel;
		};
/* End XCVersionGroup section */
	};
	rootObject = 59CDFF292570E9F700465D9B /* Project object */;
}
